
Microsoft Visual Studio Solution File, Format Version 12.00
# Visual Studio Version 17
VisualStudioVersion = 17.14.36616.10
MinimumVisualStudioVersion = 10.0.40219.1
Project("{8BC9CEB8-8B4A-11D0-8D11-00A0C91BC942}") = "SFML1", "SFML1\SFML1.vcxproj", "{F40F21F6-8333-49EA-89ED-8FEA791AA64A}"
EndProject
Project("{8BC9CEB8-8B4A-11D0-8D11-00A0C91BC942}") = "Easing", "Easing\Easing.vcxproj", "{4D99EDE6-15DC-46CC-9D36-344722225578}"
EndProject
Project("{8BC9CEB8-8B4A-11D0-8D11-00A0C91BC942}") = "Parallax", "Parallax\Parallax.vcxproj", "{91E115ED-A812-40C1-BF65-E7D44FC3E439}"
EndProject
Project("{8BC9CEB8-8B4A-11D0-8D11-00A0C91BC942}") = "Jump", "Jump\Jump.vcxproj", "{896DCF0E-DAD9-49D1-8FAF-CD0B7607B332}"
EndProject
Project("{8BC9CEB8-8B4A-11D0-8D11-00A0C91BC942}") = "Arc", "Arc\Arc.vcxproj", "{B5B018A0-459D-4D6D-AC7D-A3BDD1E2571A}"
EndProject
Project("{8BC9CEB8-8B4A-11D0-8D11-00A0C91BC942}") = "Pacman", "Pacman\Pacman.vcxproj", "{5517899A-A9B1-44D8-93F0-D48A0012E9AE}"
EndProject
Project("{8BC9CEB8-8B4A-11D0-8D11-00A0C91BC942}") = "Trail", "Trail\Trail.vcxproj", "{3937736F-47CE-4C64-BDC9-EB3D3EFBC864}"
EndProject
Project("{8BC9CEB8-8B4A-11D0-8D11-00A0C91BC942}") = "Bezier", "Bezier\Bezier.vcxproj", "{D5F8B545-C429-42A7-AE6E-C6D307D4949E}"
EndProject
Project("{8BC9CEB8-8B4A-11D0-8D11-00A0C91BC942}") = "Mirror", "Mirror\Mirror.vcxproj", "{8B4FEBA0-AAAA-4982-B9AF-7CF0698D3999}"
EndProject
Project("{8BC9CEB8-8B4A-11D0-8D11-00A0C91BC942}") = "Fov", "Fov\Fov.vcxproj", "{BD9C41C4-7DAE-46DE-AA6B-18EAD5E0470F}"
EndProject
Project("{8BC9CEB8-8B4A-11D0-8D11-00A0C91BC942}") = "PhycEngine", "PhycEngine\PhycEngine.vcxproj", "{3FE27909-DBF7-4318-AFE1-1A52FBE8B241}"
EndProject
Project("{8BC9CEB8-8B4A-11D0-8D11-00A0C91BC942}") = "SolarSystem", "SolarSystem\SolarSystem.vcxproj", "{3A76C468-FE08-4F35-AA81-A1F3E87B14C1}"
EndProject
Global
	GlobalSection(SolutionConfigurationPlatforms) = preSolution
		Debug|x64 = Debug|x64
		Debug|x86 = Debug|x86
		Release|x64 = Release|x64
		Release|x86 = Release|x86
	EndGlobalSection
	GlobalSection(ProjectConfigurationPlatforms) = postSolution
		{F40F21F6-8333-49EA-89ED-8FEA791AA64A}.Debug|x64.ActiveCfg = Debug|x64
		{F40F21F6-8333-49EA-89ED-8FEA791AA64A}.Debug|x64.Build.0 = Debug|x64
		{F40F21F6-8333-49EA-89ED-8FEA791AA64A}.Debug|x86.ActiveCfg = Debug|Win32
		{F40F21F6-8333-49EA-89ED-8FEA791AA64A}.Debug|x86.Build.0 = Debug|Win32
		{F40F21F6-8333-49EA-89ED-8FEA791AA64A}.Release|x64.ActiveCfg = Release|x64
		{F40F21F6-8333-49EA-89ED-8FEA791AA64A}.Release|x64.Build.0 = Release|x64
		{F40F21F6-8333-49EA-89ED-8FEA791AA64A}.Release|x86.ActiveCfg = Release|Win32
		{F40F21F6-8333-49EA-89ED-8FEA791AA64A}.Release|x86.Build.0 = Release|Win32
		{4D99EDE6-15DC-46CC-9D36-344722225578}.Debug|x64.ActiveCfg = Debug|x64
		{4D99EDE6-15DC-46CC-9D36-344722225578}.Debug|x64.Build.0 = Debug|x64
		{4D99EDE6-15DC-46CC-9D36-344722225578}.Debug|x86.ActiveCfg = Debug|Win32
		{4D99EDE6-15DC-46CC-9D36-344722225578}.Debug|x86.Build.0 = Debug|Win32
		{4D99EDE6-15DC-46CC-9D36-344722225578}.Release|x64.ActiveCfg = Release|x64
		{4D99EDE6-15DC-46CC-9D36-344722225578}.Release|x64.Build.0 = Release|x64
		{4D99EDE6-15DC-46CC-9D36-344722225578}.Release|x86.ActiveCfg = Release|Win32
		{4D99EDE6-15DC-46CC-9D36-344722225578}.Release|x86.Build.0 = Release|Win32
		{91E115ED-A812-40C1-BF65-E7D44FC3E439}.Debug|x64.ActiveCfg = Debug|x64
		{91E115ED-A812-40C1-BF65-E7D44FC3E439}.Debug|x64.Build.0 = Debug|x64
		{91E115ED-A812-40C1-BF65-E7D44FC3E439}.Debug|x86.ActiveCfg = Debug|Win32
		{91E115ED-A812-40C1-BF65-E7D44FC3E439}.Debug|x86.Build.0 = Debug|Win32
		{91E115ED-A812-40C1-BF65-E7D44FC3E439}.Release|x64.ActiveCfg = Release|x64
		{91E115ED-A812-40C1-BF65-E7D44FC3E439}.Release|x64.Build.0 = Release|x64
		{91E115ED-A812-40C1-BF65-E7D44FC3E439}.Release|x86.ActiveCfg = Release|Win32
		{91E115ED-A812-40C1-BF65-E7D44FC3E439}.Release|x86.Build.0 = Release|Win32
		{896DCF0E-DAD9-49D1-8FAF-CD0B7607B332}.Debug|x64.ActiveCfg = Debug|x64
		{896DCF0E-DAD9-49D1-8FAF-CD0B7607B332}.Debug|x64.Build.0 = Debug|x64
		{896DCF0E-DAD9-49D1-8FAF-CD0B7607B332}.Debug|x86.ActiveCfg = Debug|Win32
		{896DCF0E-DAD9-49D1-8FAF-CD0B7607B332}.Debug|x86.Build.0 = Debug|Win32
		{896DCF0E-DAD9-49D1-8FAF-CD0B7607B332}.Release|x64.ActiveCfg = Release|x64
		{896DCF0E-DAD9-49D1-8FAF-CD0B7607B332}.Release|x64.Build.0 = Release|x64
		{896DCF0E-DAD9-49D1-8FAF-CD0B7607B332}.Release|x86.ActiveCfg = Release|Win32
		{896DCF0E-DAD9-49D1-8FAF-CD0B7607B332}.Release|x86.Build.0 = Release|Win32
		{B5B018A0-459D-4D6D-AC7D-A3BDD1E2571A}.Debug|x64.ActiveCfg = Debug|x64
		{B5B018A0-459D-4D6D-AC7D-A3BDD1E2571A}.Debug|x64.Build.0 = Debug|x64
		{B5B018A0-459D-4D6D-AC7D-A3BDD1E2571A}.Debug|x86.ActiveCfg = Debug|Win32
		{B5B018A0-459D-4D6D-AC7D-A3BDD1E2571A}.Debug|x86.Build.0 = Debug|Win32
		{B5B018A0-459D-4D6D-AC7D-A3BDD1E2571A}.Release|x64.ActiveCfg = Release|x64
		{B5B018A0-459D-4D6D-AC7D-A3BDD1E2571A}.Release|x64.Build.0 = Release|x64
		{B5B018A0-459D-4D6D-AC7D-A3BDD1E2571A}.Release|x86.ActiveCfg = Release|Win32
		{B5B018A0-459D-4D6D-AC7D-A3BDD1E2571A}.Release|x86.Build.0 = Release|Win32
		{5517899A-A9B1-44D8-93F0-D48A0012E9AE}.Debug|x64.ActiveCfg = Debug|x64
		{5517899A-A9B1-44D8-93F0-D48A0012E9AE}.Debug|x64.Build.0 = Debug|x64
		{5517899A-A9B1-44D8-93F0-D48A0012E9AE}.Debug|x86.ActiveCfg = Debug|Win32
		{5517899A-A9B1-44D8-93F0-D48A0012E9AE}.Debug|x86.Build.0 = Debug|Win32
		{5517899A-A9B1-44D8-93F0-D48A0012E9AE}.Release|x64.ActiveCfg = Release|x64
		{5517899A-A9B1-44D8-93F0-D48A0012E9AE}.Release|x64.Build.0 = Release|x64
		{5517899A-A9B1-44D8-93F0-D48A0012E9AE}.Release|x86.ActiveCfg = Release|Win32
		{5517899A-A9B1-44D8-93F0-D48A0012E9AE}.Release|x86.Build.0 = Release|Win32
		{3937736F-47CE-4C64-BDC9-EB3D3EFBC864}.Debug|x64.ActiveCfg = Debug|x64
		{3937736F-47CE-4C64-BDC9-EB3D3EFBC864}.Debug|x64.Build.0 = Debug|x64
		{3937736F-47CE-4C64-BDC9-EB3D3EFBC864}.Debug|x86.ActiveCfg = Debug|Win32
		{3937736F-47CE-4C64-BDC9-EB3D3EFBC864}.Debug|x86.Build.0 = Debug|Win32
		{3937736F-47CE-4C64-BDC9-EB3D3EFBC864}.Release|x64.ActiveCfg = Release|x64
		{3937736F-47CE-4C64-BDC9-EB3D3EFBC864}.Release|x64.Build.0 = Release|x64
		{3937736F-47CE-4C64-BDC9-EB3D3EFBC864}.Release|x86.ActiveCfg = Release|Win32
		{3937736F-47CE-4C64-BDC9-EB3D3EFBC864}.Release|x86.Build.0 = Release|Win32
		{D5F8B545-C429-42A7-AE6E-C6D307D4949E}.Debug|x64.ActiveCfg = Debug|x64
		{D5F8B545-C429-42A7-AE6E-C6D307D4949E}.Debug|x64.Build.0 = Debug|x64
		{D5F8B545-C429-42A7-AE6E-C6D307D4949E}.Debug|x86.ActiveCfg = Debug|Win32
		{D5F8B545-C429-42A7-AE6E-C6D307D4949E}.Debug|x86.Build.0 = Debug|Win32
		{D5F8B545-C429-42A7-AE6E-C6D307D4949E}.Release|x64.ActiveCfg = Release|x64
		{D5F8B545-C429-42A7-AE6E-C6D307D4949E}.Release|x64.Build.0 = Release|x64
		{D5F8B545-C429-42A7-AE6E-C6D307D4949E}.Release|x86.ActiveCfg = Release|Win32
		{D5F8B545-C429-42A7-AE6E-C6D307D4949E}.Release|x86.Build.0 = Release|Win32
		{8B4FEBA0-AAAA-4982-B9AF-7CF0698D3999}.Debug|x64.ActiveCfg = Debug|x64
		{8B4FEBA0-AAAA-4982-B9AF-7CF0698D3999}.Debug|x64.Build.0 = Debug|x64
		{8B4FEBA0-AAAA-4982-B9AF-7CF0698D3999}.Debug|x86.ActiveCfg = Debug|Win32
		{8B4FEBA0-AAAA-4982-B9AF-7CF0698D3999}.Debug|x86.Build.0 = Debug|Win32
		{8B4FEBA0-AAAA-4982-B9AF-7CF0698D3999}.Release|x64.ActiveCfg = Release|x64
		{8B4FEBA0-AAAA-4982-B9AF-7CF0698D3999}.Release|x64.Build.0 = Release|x64
		{8B4FEBA0-AAAA-4982-B9AF-7CF0698D3999}.Release|x86.ActiveCfg = Release|Win32
		{8B4FEBA0-AAAA-4982-B9AF-7CF0698D3999}.Release|x86.Build.0 = Release|Win32
		{BD9C41C4-7DAE-46DE-AA6B-18EAD5E0470F}.Debug|x64.ActiveCfg = Debug|x64
		{BD9C41C4-7DAE-46DE-AA6B-18EAD5E0470F}.Debug|x64.Build.0 = Debug|x64
		{BD9C41C4-7DAE-46DE-AA6B-18EAD5E0470F}.Debug|x86.ActiveCfg = Debug|Win32
		{BD9C41C4-7DAE-46DE-AA6B-18EAD5E0470F}.Debug|x86.Build.0 = Debug|Win32
		{BD9C41C4-7DAE-46DE-AA6B-18EAD5E0470F}.Release|x64.ActiveCfg = Release|x64
		{BD9C41C4-7DAE-46DE-AA6B-18EAD5E0470F}.Release|x64.Build.0 = Release|x64
		{BD9C41C4-7DAE-46DE-AA6B-18EAD5E0470F}.Release|x86.ActiveCfg = Release|Win32
		{BD9C41C4-7DAE-46DE-AA6B-18EAD5E0470F}.Release|x86.Build.0 = Release|Win32
		{3FE27909-DBF7-4318-AFE1-1A52FBE8B241}.Debug|x64.ActiveCfg = Debug|x64
		{3FE27909-DBF7-4318-AFE1-1A52FBE8B241}.Debug|x64.Build.0 = Debug|x64
		{3FE27909-DBF7-4318-AFE1-1A52FBE8B241}.Debug|x86.ActiveCfg = Debug|Win32
		{3FE27909-DBF7-4318-AFE1-1A52FBE8B241}.Debug|x86.Build.0 = Debug|Win32
		{3FE27909-DBF7-4318-AFE1-1A52FBE8B241}.Release|x64.ActiveCfg = Release|x64
		{3FE27909-DBF7-4318-AFE1-1A52FBE8B241}.Release|x64.Build.0 = Release|x64
		{3FE27909-DBF7-4318-AFE1-1A52FBE8B241}.Release|x86.ActiveCfg = Release|Win32
		{3FE27909-DBF7-4318-AFE1-1A52FBE8B241}.Release|x86.Build.0 = Release|Win32
		{3A76C468-FE08-4F35-AA81-A1F3E87B14C1}.Debug|x64.ActiveCfg = Debug|x64
		{3A76C468-FE08-4F35-AA81-A1F3E87B14C1}.Debug|x64.Build.0 = Debug|x64
		{3A76C468-FE08-4F35-AA81-A1F3E87B14C1}.Debug|x86.ActiveCfg = Debug|Win32
		{3A76C468-FE08-4F35-AA81-A1F3E87B14C1}.Debug|x86.Build.0 = Debug|Win32
		{3A76C468-FE08-4F35-AA81-A1F3E87B14C1}.Release|x64.ActiveCfg = Release|x64
		{3A76C468-FE08-4F35-AA81-A1F3E87B14C1}.Release|x64.Build.0 = Release|x64
		{3A76C468-FE08-4F35-AA81-A1F3E87B14C1}.Release|x86.ActiveCfg = Release|Win32
		{3A76C468-FE08-4F35-AA81-A1F3E87B14C1}.Release|x86.Build.0 = Release|Win32
	EndGlobalSection
	GlobalSection(SolutionProperties) = preSolution
		HideSolutionNode = FALSE
	EndGlobalSection
	GlobalSection(ExtensibilityGlobals) = postSolution
		SolutionGuid = {62DB6565-AD46-41A8-A59C-6BB6D70967CC}
	EndGlobalSection
EndGlobal
